
Microsoft Visual Studio Solution File, Format Version 12.00
# Visual Studio Version 16
VisualStudioVersion = 16.0.29411.108
MinimumVisualStudioVersion = 10.0.40219.1
Project("{FAE04EC0-301F-11D3-BF4B-00C04F79EFBC}") = "HelloDevOps.Android", "HelloDevOps\HelloDevOps.Android\HelloDevOps.Android.csproj", "{E48C9C50-417C-42D7-9FCB-94F86D63353C}"
EndProject
Project("{FAE04EC0-301F-11D3-BF4B-00C04F79EFBC}") = "HelloDevOps.iOS", "HelloDevOps\HelloDevOps.iOS\HelloDevOps.iOS.csproj", "{DCF1F0A9-89DD-4C9B-98C8-FC614E15CEE6}"
EndProject
Project("{FAE04EC0-301F-11D3-BF4B-00C04F79EFBC}") = "HelloDevOps", "HelloDevOps\HelloDevOps\HelloDevOps.csproj", "{805BD3B0-9BF0-4A29-AC4A-083ADEDE76FF}"
EndProject
Global
	GlobalSection(SolutionConfigurationPlatforms) = preSolution
		Debug|Any CPU = Debug|Any CPU
		Debug|iPhone = Debug|iPhone
		Debug|iPhoneSimulator = Debug|iPhoneSimulator
		Release|Any CPU = Release|Any CPU
		Release|iPhone = Release|iPhone
		Release|iPhoneSimulator = Release|iPhoneSimulator
	EndGlobalSection
	GlobalSection(ProjectConfigurationPlatforms) = postSolution
		{E48C9C50-417C-42D7-9FCB-94F86D63353C}.Debug|Any CPU.ActiveCfg = Debug|Any CPU
		{E48C9C50-417C-42D7-9FCB-94F86D63353C}.Debug|Any CPU.Build.0 = Debug|Any CPU
		{E48C9C50-417C-42D7-9FCB-94F86D63353C}.Debug|Any CPU.Deploy.0 = Debug|Any CPU
		{E48C9C50-417C-42D7-9FCB-94F86D63353C}.Debug|iPhone.ActiveCfg = Debug|Any CPU
		{E48C9C50-417C-42D7-9FCB-94F86D63353C}.Debug|iPhone.Build.0 = Debug|Any CPU
		{E48C9C50-417C-42D7-9FCB-94F86D63353C}.Debug|iPhone.Deploy.0 = Debug|Any CPU
		{E48C9C50-417C-42D7-9FCB-94F86D63353C}.Debug|iPhoneSimulator.ActiveCfg = Debug|Any CPU
		{E48C9C50-417C-42D7-9FCB-94F86D63353C}.Debug|iPhoneSimulator.Build.0 = Debug|Any CPU
		{E48C9C50-417C-42D7-9FCB-94F86D63353C}.Debug|iPhoneSimulator.Deploy.0 = Debug|Any CPU
		{E48C9C50-417C-42D7-9FCB-94F86D63353C}.Release|Any CPU.ActiveCfg = Release|Any CPU
		{E48C9C50-417C-42D7-9FCB-94F86D63353C}.Release|Any CPU.Build.0 = Release|Any CPU
		{E48C9C50-417C-42D7-9FCB-94F86D63353C}.Release|Any CPU.Deploy.0 = Release|Any CPU
		{E48C9C50-417C-42D7-9FCB-94F86D63353C}.Release|iPhone.ActiveCfg = Release|Any CPU
		{E48C9C50-417C-42D7-9FCB-94F86D63353C}.Release|iPhone.Build.0 = Release|Any CPU
		{E48C9C50-417C-42D7-9FCB-94F86D63353C}.Release|iPhone.Deploy.0 = Release|Any CPU
		{E48C9C50-417C-42D7-9FCB-94F86D63353C}.Release|iPhoneSimulator.ActiveCfg = Release|Any CPU
		{E48C9C50-417C-42D7-9FCB-94F86D63353C}.Release|iPhoneSimulator.Build.0 = Release|Any CPU
		{E48C9C50-417C-42D7-9FCB-94F86D63353C}.Release|iPhoneSimulator.Deploy.0 = Release|Any CPU
		{DCF1F0A9-89DD-4C9B-98C8-FC614E15CEE6}.Debug|Any CPU.ActiveCfg = Debug|iPhoneSimulator
		{DCF1F0A9-89DD-4C9B-98C8-FC614E15CEE6}.Debug|Any CPU.Build.0 = Debug|iPhoneSimulator
		{DCF1F0A9-89DD-4C9B-98C8-FC614E15CEE6}.Debug|Any CPU.Deploy.0 = Debug|iPhoneSimulator
		{DCF1F0A9-89DD-4C9B-98C8-FC614E15CEE6}.Debug|iPhone.ActiveCfg = Debug|iPhone
		{DCF1F0A9-89DD-4C9B-98C8-FC614E15CEE6}.Debug|iPhone.Build.0 = Debug|iPhone
		{DCF1F0A9-89DD-4C9B-98C8-FC614E15CEE6}.Debug|iPhone.Deploy.0 = Debug|iPhone
		{DCF1F0A9-89DD-4C9B-98C8-FC614E15CEE6}.Debug|iPhoneSimulator.ActiveCfg = Debug|iPhoneSimulator
		{DCF1F0A9-89DD-4C9B-98C8-FC614E15CEE6}.Debug|iPhoneSimulator.Build.0 = Debug|iPhoneSimulator
		{DCF1F0A9-89DD-4C9B-98C8-FC614E15CEE6}.Debug|iPhoneSimulator.Deploy.0 = Debug|iPhoneSimulator
		{DCF1F0A9-89DD-4C9B-98C8-FC614E15CEE6}.Release|Any CPU.ActiveCfg = Release|iPhone
		{DCF1F0A9-89DD-4C9B-98C8-FC614E15CEE6}.Release|Any CPU.Build.0 = Release|iPhone
		{DCF1F0A9-89DD-4C9B-98C8-FC614E15CEE6}.Release|Any CPU.Deploy.0 = Release|iPhone
		{DCF1F0A9-89DD-4C9B-98C8-FC614E15CEE6}.Release|iPhone.ActiveCfg = Release|iPhone
		{DCF1F0A9-89DD-4C9B-98C8-FC614E15CEE6}.Release|iPhone.Build.0 = Release|iPhone
		{DCF1F0A9-89DD-4C9B-98C8-FC614E15CEE6}.Release|iPhone.Deploy.0 = Release|iPhone
		{DCF1F0A9-89DD-4C9B-98C8-FC614E15CEE6}.Release|iPhoneSimulator.ActiveCfg = Release|iPhoneSimulator
		{DCF1F0A9-89DD-4C9B-98C8-FC614E15CEE6}.Release|iPhoneSimulator.Build.0 = Release|iPhoneSimulator
		{DCF1F0A9-89DD-4C9B-98C8-FC614E15CEE6}.Release|iPhoneSimulator.Deploy.0 = Release|iPhoneSimulator
		{805BD3B0-9BF0-4A29-AC4A-083ADEDE76FF}.Debug|Any CPU.ActiveCfg = Debug|Any CPU
		{805BD3B0-9BF0-4A29-AC4A-083ADEDE76FF}.Debug|Any CPU.Build.0 = Debug|Any CPU
		{805BD3B0-9BF0-4A29-AC4A-083ADEDE76FF}.Debug|Any CPU.Deploy.0 = Debug|Any CPU
		{805BD3B0-9BF0-4A29-AC4A-083ADEDE76FF}.Debug|iPhone.ActiveCfg = Debug|Any CPU
		{805BD3B0-9BF0-4A29-AC4A-083ADEDE76FF}.Debug|iPhone.Build.0 = Debug|Any CPU
		{805BD3B0-9BF0-4A29-AC4A-083ADEDE76FF}.Debug|iPhone.Deploy.0 = Debug|Any CPU
		{805BD3B0-9BF0-4A29-AC4A-083ADEDE76FF}.Debug|iPhoneSimulator.ActiveCfg = Debug|Any CPU
		{805BD3B0-9BF0-4A29-AC4A-083ADEDE76FF}.Debug|iPhoneSimulator.Build.0 = Debug|Any CPU
		{805BD3B0-9BF0-4A29-AC4A-083ADEDE76FF}.Debug|iPhoneSimulator.Deploy.0 = Debug|Any CPU
		{805BD3B0-9BF0-4A29-AC4A-083ADEDE76FF}.Release|Any CPU.ActiveCfg = Release|Any CPU
		{805BD3B0-9BF0-4A29-AC4A-083ADEDE76FF}.Release|Any CPU.Build.0 = Release|Any CPU
		{805BD3B0-9BF0-4A29-AC4A-083ADEDE76FF}.Release|Any CPU.Deploy.0 = Release|Any CPU
		{805BD3B0-9BF0-4A29-AC4A-083ADEDE76FF}.Release|iPhone.ActiveCfg = Release|Any CPU
		{805BD3B0-9BF0-4A29-AC4A-083ADEDE76FF}.Release|iPhone.Build.0 = Release|Any CPU
		{805BD3B0-9BF0-4A29-AC4A-083ADEDE76FF}.Release|iPhone.Deploy.0 = Release|Any CPU
		{805BD3B0-9BF0-4A29-AC4A-083ADEDE76FF}.Release|iPhoneSimulator.ActiveCfg = Release|Any CPU
		{805BD3B0-9BF0-4A29-AC4A-083ADEDE76FF}.Release|iPhoneSimulator.Build.0 = Release|Any CPU
		{805BD3B0-9BF0-4A29-AC4A-083ADEDE76FF}.Release|iPhoneSimulator.Deploy.0 = Release|Any CPU
	EndGlobalSection
	GlobalSection(SolutionProperties) = preSolution
		HideSolutionNode = FALSE
	EndGlobalSection
	GlobalSection(ExtensibilityGlobals) = postSolution
		SolutionGuid = {5EAB623B-CE3B-48CA-AF1C-CB070EBCD542}
	EndGlobalSection
EndGlobal
